
Microsoft Visual Studio Solution File, Format Version 12.00
# Visual Studio Version 16
VisualStudioVersion = 16.0.31624.102
MinimumVisualStudioVersion = 10.0.40219.1
Project("{9A19103F-16F7-4668-BE54-9A1E7A4F7556}") = "AWS", "AWS\AWS.csproj", "{D44DE716-434E-4F9F-9B7C-5E0767906682}"
EndProject
Global
	GlobalSection(SolutionConfigurationPlatforms) = preSolution
		Debug|Any CPU = Debug|Any CPU
		Release|Any CPU = Release|Any CPU
	EndGlobalSection
	GlobalSection(ProjectConfigurationPlatforms) = postSolution
		{D44DE716-434E-4F9F-9B7C-5E0767906682}.Debug|Any CPU.ActiveCfg = Debug|Any CPU
		{D44DE716-434E-4F9F-9B7C-5E0767906682}.Debug|Any CPU.Build.0 = Debug|Any CPU
		{D44DE716-434E-4F9F-9B7C-5E0767906682}.Release|Any CPU.ActiveCfg = Release|Any CPU
		{D44DE716-434E-4F9F-9B7C-5E0767906682}.Release|Any CPU.Build.0 = Release|Any CPU
	EndGlobalSection
	GlobalSection(SolutionProperties) = preSolution
		HideSolutionNode = FALSE
	EndGlobalSection
	GlobalSection(ExtensibilityGlobals) = postSolution
		SolutionGuid = {637CBBFA-51E0-4A45-B6DB-A306338D9D9A}
	EndGlobalSection
EndGlobal
